
Microsoft Visual Studio Solution File, Format Version 12.00
# Visual Studio Version 17
VisualStudioVersion = 17.8.34511.84
MinimumVisualStudioVersion = 10.0.40219.1
Project("{FAE04EC0-301F-11D3-BF4B-00C04F79EFBC}") = "HorizonShift", "HorizonShift.csproj", "{5F2BF0EF-D2CA-41A0-8874-50EDFF57CBD7}"
EndProject
Global
	GlobalSection(SolutionConfigurationPlatforms) = preSolution
		Debug|Any CPU = Debug|Any CPU
		Release|Any CPU = Release|Any CPU
	EndGlobalSection
	GlobalSection(ProjectConfigurationPlatforms) = postSolution
		{5F2BF0EF-D2CA-41A0-8874-50EDFF57CBD7}.Debug|Any CPU.ActiveCfg = Debug|Any CPU
		{5F2BF0EF-D2CA-41A0-8874-50EDFF57CBD7}.Debug|Any CPU.Build.0 = Debug|Any CPU
		{5F2BF0EF-D2CA-41A0-8874-50EDFF57CBD7}.Release|Any CPU.ActiveCfg = Release|Any CPU
		{5F2BF0EF-D2CA-41A0-8874-50EDFF57CBD7}.Release|Any CPU.Build.0 = Release|Any CPU
	EndGlobalSection
	GlobalSection(SolutionProperties) = preSolution
		HideSolutionNode = FALSE
	EndGlobalSection
	GlobalSection(ExtensibilityGlobals) = postSolution
		SolutionGuid = {F7AAA64F-7590-43D3-A144-79B9EA1CDA62}
	EndGlobalSection
EndGlobal
